
Microsoft Visual Studio Solution File, Format Version 12.00
# Visual Studio 15
VisualStudioVersion = 15.0.28307.271
MinimumVisualStudioVersion = 10.0.40219.1
Project("{FAE04EC0-301F-11D3-BF4B-00C04F79EFBC}") = "Joe's Automotive", "Joe's Automotive\Joe's Automotive.csproj", "{B4F4EE44-6AA9-4F77-A531-9C8C091F947E}"
EndProject
Global
	GlobalSection(SolutionConfigurationPlatforms) = preSolution
		Debug|Any CPU = Debug|Any CPU
		Release|Any CPU = Release|Any CPU
	EndGlobalSection
	GlobalSection(ProjectConfigurationPlatforms) = postSolution
		{B4F4EE44-6AA9-4F77-A531-9C8C091F947E}.Debug|Any CPU.ActiveCfg = Debug|Any CPU
		{B4F4EE44-6AA9-4F77-A531-9C8C091F947E}.Debug|Any CPU.Build.0 = Debug|Any CPU
		{B4F4EE44-6AA9-4F77-A531-9C8C091F947E}.Release|Any CPU.ActiveCfg = Release|Any CPU
		{B4F4EE44-6AA9-4F77-A531-9C8C091F947E}.Release|Any CPU.Build.0 = Release|Any CPU
	EndGlobalSection
	GlobalSection(SolutionProperties) = preSolution
		HideSolutionNode = FALSE
	EndGlobalSection
	GlobalSection(ExtensibilityGlobals) = postSolution
		SolutionGuid = {7614039F-B16F-4E4C-B2FF-EB8E630E751B}
	EndGlobalSection
EndGlobal
