
Microsoft Visual Studio Solution File, Format Version 12.00
# Visual Studio 15
VisualStudioVersion = 15.0.28307.572
MinimumVisualStudioVersion = 10.0.40219.1
Project("{FAE04EC0-301F-11D3-BF4B-00C04F79EFBC}") = "Email Book", "Email Book\Email Book.csproj", "{A3FA84EA-06E0-4B19-B981-1648107E0159}"
EndProject
Global
	GlobalSection(SolutionConfigurationPlatforms) = preSolution
		Debug|Any CPU = Debug|Any CPU
		Release|Any CPU = Release|Any CPU
	EndGlobalSection
	GlobalSection(ProjectConfigurationPlatforms) = postSolution
		{A3FA84EA-06E0-4B19-B981-1648107E0159}.Debug|Any CPU.ActiveCfg = Debug|Any CPU
		{A3FA84EA-06E0-4B19-B981-1648107E0159}.Debug|Any CPU.Build.0 = Debug|Any CPU
		{A3FA84EA-06E0-4B19-B981-1648107E0159}.Release|Any CPU.ActiveCfg = Release|Any CPU
		{A3FA84EA-06E0-4B19-B981-1648107E0159}.Release|Any CPU.Build.0 = Release|Any CPU
	EndGlobalSection
	GlobalSection(SolutionProperties) = preSolution
		HideSolutionNode = FALSE
	EndGlobalSection
	GlobalSection(ExtensibilityGlobals) = postSolution
		SolutionGuid = {82AAC324-7532-403A-8633-83F48F65B436}
	EndGlobalSection
EndGlobal
